github.com/ebitengine/purego v0.11.1 h1:2zpWRSQNVKN4eKsKO9eM1ILDgWfYMY9GwqRmK6XeQ/0=
github.com/ebitengine/purego v0.11.1/go.mod h1:DCHPP08djqhNSoTfImcnHYQRZmd0qhakvrozqaEYhGQ=
github.com/egoist/mygo v0.2.2 h1:PXwelQTI91vX4slH2qyPaH4gyLSB6CQqQ0FP+trcUZQ=
github.com/egoist/mygo v0.2.2/go.mod h1:1sRzZ6jEhKE7iuEQXjyoXDgxyxQ1uTgMHDcDKZvoDIU=
github.com/go-text/typesetting v0.3.5 h1:XZPUooClHY0Vf/rFyUyuPRNEkawARaFzLMQcXLSEyPk=
github.com/go-text/typesetting v0.3.5/go.mod h1:XZO1hD+nQVyvVa5IicQk7FsCa4PFQaJ2soWAP1f//68=
